
Microsoft Visual Studio Solution File, Format Version 12.00
# Visual Studio Version 17
VisualStudioVersion = 17.2.32526.322
MinimumVisualStudioVersion = 10.0.40219.1
Project("{8BC9CEB8-8B4A-11D0-8D11-00A0C91BC942}") = "GodMode_assaultCube", "GodMode_assaultCube\GodMode_assaultCube.vcxproj", "{5177C4AC-697E-4AE3-BF99-476A254386AB}"
EndProject
Global
	GlobalSection(SolutionConfigurationPlatforms) = preSolution
		Debug|x64 = Debug|x64
		Debug|x86 = Debug|x86
		Release|x64 = Release|x64
		Release|x86 = Release|x86
	EndGlobalSection
	GlobalSection(ProjectConfigurationPlatforms) = postSolution
		{5177C4AC-697E-4AE3-BF99-476A254386AB}.Debug|x64.ActiveCfg = Debug|x64
		{5177C4AC-697E-4AE3-BF99-476A254386AB}.Debug|x64.Build.0 = Debug|x64
		{5177C4AC-697E-4AE3-BF99-476A254386AB}.Debug|x86.ActiveCfg = Debug|Win32
		{5177C4AC-697E-4AE3-BF99-476A254386AB}.Debug|x86.Build.0 = Debug|Win32
		{5177C4AC-697E-4AE3-BF99-476A254386AB}.Release|x64.ActiveCfg = Release|x64
		{5177C4AC-697E-4AE3-BF99-476A254386AB}.Release|x64.Build.0 = Release|x64
		{5177C4AC-697E-4AE3-BF99-476A254386AB}.Release|x86.ActiveCfg = Release|Win32
		{5177C4AC-697E-4AE3-BF99-476A254386AB}.Release|x86.Build.0 = Release|Win32
	EndGlobalSection
	GlobalSection(SolutionProperties) = preSolution
		HideSolutionNode = FALSE
	EndGlobalSection
	GlobalSection(ExtensibilityGlobals) = postSolution
		SolutionGuid = {33D03399-5573-4885-A61F-B0E76C8CBADE}
	EndGlobalSection
EndGlobal
